// !$*UTF8*$!
{
	archiveVersion = 1;
	classes = {
	};
	objectVersion = 50;
	objects = {

/* Begin PBXBuildFile section */
		6E17FF07C2582172785CD918 /* Pods_CryptoWallet.framework in Frameworks */ = {isa = PBXBuildFile; fileRef = 9AB879B443FBB53AE39A300A /* Pods_CryptoWallet.framework */; };
		A7025CE72255FAAD00CE43C2 /* SessionManager.swift in Sources */ = {isa = PBXBuildFile; fileRef = A7025CE62255FAAD00CE43C2 /* SessionManager.swift */; };
		A7090721225D787F0077EC20 /* DataTransform.swift in Sources */ = {isa = PBXBuildFile; fileRef = A7090720225D787F0077EC20 /* DataTransform.swift */; };
		A7090723225D7C680077EC20 /* AssetRepository.swift in Sources */ = {isa = PBXBuildFile; fileRef = A7090722225D7C680077EC20 /* AssetRepository.swift */; };
		A7090725225D7F060077EC20 /* TokenListResponse.swift in Sources */ = {isa = PBXBuildFile; fileRef = A7090724225D7F060077EC20 /* TokenListResponse.swift */; };
		A7090727225D804E0077EC20 /* TokenListRequest.swift in Sources */ = {isa = PBXBuildFile; fileRef = A7090726225D804E0077EC20 /* TokenListRequest.swift */; };
		A709072D225DA0B80077EC20 /* CMCCoinInfoResponse.swift in Sources */ = {isa = PBXBuildFile; fileRef = A709072C225DA0B80077EC20 /* CMCCoinInfoResponse.swift */; };
		A709072F225DA1510077EC20 /* CMCCoinInfoRequest.swift in Sources */ = {isa = PBXBuildFile; fileRef = A709072E225DA1510077EC20 /* CMCCoinInfoRequest.swift */; };
		A7090733225DEE280077EC20 /* EthereumMarketRequest.swift in Sources */ = {isa = PBXBuildFile; fileRef = A7090732225DEE280077EC20 /* EthereumMarketRequest.swift */; };
		A7090735225DEE740077EC20 /* EthereumMarketResponse.swift in Sources */ = {isa = PBXBuildFile; fileRef = A7090734225DEE740077EC20 /* EthereumMarketResponse.swift */; };
		A71402CE2256ED3F00573A5A /* AssetCell.swift in Sources */ = {isa = PBXBuildFile; fileRef = A71402CD2256ED3F00573A5A /* AssetCell.swift */; };
		A71402D02256F3A000573A5A /* AssetInfo.swift in Sources */ = {isa = PBXBuildFile; fileRef = A71402CF2256F3A000573A5A /* AssetInfo.swift */; };
		A73BC082225ADA4B00D0CD00 /* DataMock.swift in Sources */ = {isa = PBXBuildFile; fileRef = A73BC081225ADA4B00D0CD00 /* DataMock.swift */; };
		A73BC085225AE5F300D0CD00 /* AssetViewController.swift in Sources */ = {isa = PBXBuildFile; fileRef = A73BC084225AE5F300D0CD00 /* AssetViewController.swift */; };
		A73BC087225AEDFF00D0CD00 /* ChartType.swift in Sources */ = {isa = PBXBuildFile; fileRef = A73BC086225AEDFF00D0CD00 /* ChartType.swift */; };
		A7506BDD2251FEA0002B6EFA /* Setting.storyboard in Resources */ = {isa = PBXBuildFile; fileRef = A7506BDC2251FEA0002B6EFA /* Setting.storyboard */; };
		A7506BDF2251FEAF002B6EFA /* Wallet.storyboard in Resources */ = {isa = PBXBuildFile; fileRef = A7506BDE2251FEAF002B6EFA /* Wallet.storyboard */; };
		A7506BE222520AE8002B6EFA /* Storyboards.swift in Sources */ = {isa = PBXBuildFile; fileRef = A7506BE122520AE8002B6EFA /* Storyboards.swift */; };
		A7506BEB225219D4002B6EFA /* UIView+.swift in Sources */ = {isa = PBXBuildFile; fileRef = A7506BEA225219D4002B6EFA /* UIView+.swift */; };
		A767B9802252EE7D00AE8BA4 /* RecoverWalletViewController.swift in Sources */ = {isa = PBXBuildFile; fileRef = A767B97F2252EE7D00AE8BA4 /* RecoverWalletViewController.swift */; };
		A767B9822252EE9600AE8BA4 /* CreateWalletViewController.swift in Sources */ = {isa = PBXBuildFile; fileRef = A767B9812252EE9600AE8BA4 /* CreateWalletViewController.swift */; };
		A767B9852252F18300AE8BA4 /* GuideViewController.swift in Sources */ = {isa = PBXBuildFile; fileRef = A767B9842252F18300AE8BA4 /* GuideViewController.swift */; };
		A767B9872252FB4900AE8BA4 /* UITextField+.swift in Sources */ = {isa = PBXBuildFile; fileRef = A767B9862252FB4900AE8BA4 /* UITextField+.swift */; };
		A76C8796225C3B8300E3216E /* UIColor+.swift in Sources */ = {isa = PBXBuildFile; fileRef = A76C8795225C3B8300E3216E /* UIColor+.swift */; };
		A76C8798225C412B00E3216E /* BaseError.swift in Sources */ = {isa = PBXBuildFile; fileRef = A76C8797225C412B00E3216E /* BaseError.swift */; };
		A76C879A225C414E00E3216E /* BaseResult.swift in Sources */ = {isa = PBXBuildFile; fileRef = A76C8799225C414E00E3216E /* BaseResult.swift */; };
		A76C879C225C416800E3216E /* CustomRequestAdapter.swift in Sources */ = {isa = PBXBuildFile; fileRef = A76C879B225C416800E3216E /* CustomRequestAdapter.swift */; };
		A76C879E225C423F00E3216E /* BaseRequest.swift in Sources */ = {isa = PBXBuildFile; fileRef = A76C879D225C423F00E3216E /* BaseRequest.swift */; };
		A76C87A0225C427600E3216E /* APIService.swift in Sources */ = {isa = PBXBuildFile; fileRef = A76C879F225C427600E3216E /* APIService.swift */; };
		A76C87A2225C444600E3216E /* WalletValueDataRepository.swift in Sources */ = {isa = PBXBuildFile; fileRef = A76C87A1225C444600E3216E /* WalletValueDataRepository.swift */; };
		A76C87A6225C469800E3216E /* WalletValueDataRequest.swift in Sources */ = {isa = PBXBuildFile; fileRef = A76C87A5225C469800E3216E /* WalletValueDataRequest.swift */; };
		A76C87A8225C505900E3216E /* WalletValue.swift in Sources */ = {isa = PBXBuildFile; fileRef = A76C87A7225C505900E3216E /* WalletValue.swift */; };
		A76C87AE225C752400E3216E /* RunCloud.swift in Sources */ = {isa = PBXBuildFile; fileRef = A76C87AD225C752400E3216E /* RunCloud.swift */; };
		A76C87B0225C946000E3216E /* WalletValueDataResponse.swift in Sources */ = {isa = PBXBuildFile; fileRef = A76C87AF225C946000E3216E /* WalletValueDataResponse.swift */; };
		A77CE77D2251A04B001A0F43 /* Transaction.swift in Sources */ = {isa = PBXBuildFile; fileRef = A77CE77C2251A04B001A0F43 /* Transaction.swift */; };
		A77CE77F2251A206001A0F43 /* ContractOperation.swift in Sources */ = {isa = PBXBuildFile; fileRef = A77CE77E2251A206001A0F43 /* ContractOperation.swift */; };
		A77CE7812251A338001A0F43 /* ContractTransaction.swift in Sources */ = {isa = PBXBuildFile; fileRef = A77CE7802251A338001A0F43 /* ContractTransaction.swift */; };
		A77CE7832251AD14001A0F43 /* AssetMarket.swift in Sources */ = {isa = PBXBuildFile; fileRef = A77CE7822251AD14001A0F43 /* AssetMarket.swift */; };
		A77CE7862251CE0F001A0F43 /* LoginViewController.swift in Sources */ = {isa = PBXBuildFile; fileRef = A77CE7852251CE0F001A0F43 /* LoginViewController.swift */; };
		A782CD1D224E15A200718C29 /* TokenInfo.swift in Sources */ = {isa = PBXBuildFile; fileRef = A782CD1C224E15A200718C29 /* TokenInfo.swift */; };
		A782CD1F224E19C900718C29 /* Contract.swift in Sources */ = {isa = PBXBuildFile; fileRef = A782CD1E224E19C900718C29 /* Contract.swift */; };
		A791946F22574A63008403EC /* ChartHelper.swift in Sources */ = {isa = PBXBuildFile; fileRef = A791946E22574A63008403EC /* ChartHelper.swift */; };
		A7D183D422530E91009C2EE9 /* Validator.swift in Sources */ = {isa = PBXBuildFile; fileRef = A7D183D322530E91009C2EE9 /* Validator.swift */; };
		A7D183D622531A89009C2EE9 /* Errors.swift in Sources */ = {isa = PBXBuildFile; fileRef = A7D183D522531A89009C2EE9 /* Errors.swift */; };
		A7D183DB2253317D009C2EE9 /* BackupNoticeViewController.swift in Sources */ = {isa = PBXBuildFile; fileRef = A7D183DA2253317D009C2EE9 /* BackupNoticeViewController.swift */; };
		A7D183DD22533B56009C2EE9 /* EthereumInteraction.swift in Sources */ = {isa = PBXBuildFile; fileRef = A7D183DC22533B56009C2EE9 /* EthereumInteraction.swift */; };
		A7D183E122534024009C2EE9 /* Wallet.swift in Sources */ = {isa = PBXBuildFile; fileRef = A7D183E022534024009C2EE9 /* Wallet.swift */; };
		A7FA8F4D224DBC5700952E4D /* AppDelegate.swift in Sources */ = {isa = PBXBuildFile; fileRef = A7FA8F4C224DBC5700952E4D /* AppDelegate.swift */; };
		A7FA8F52224DBC5700952E4D /* Main.storyboard in Resources */ = {isa = PBXBuildFile; fileRef = A7FA8F50224DBC5700952E4D /* Main.storyboard */; };
		A7FA8F57224DBC5700952E4D /* Assets.xcassets in Resources */ = {isa = PBXBuildFile; fileRef = A7FA8F56224DBC5700952E4D /* Assets.xcassets */; };
		A7FA8F5A224DBC5700952E4D /* LaunchScreen.storyboard in Resources */ = {isa = PBXBuildFile; fileRef = A7FA8F58224DBC5700952E4D /* LaunchScreen.storyboard */; };
		A7FA8F6B224DBDAA00952E4D /* ViewModelType.swift in Sources */ = {isa = PBXBuildFile; fileRef = A7FA8F6A224DBDAA00952E4D /* ViewModelType.swift */; };
		A7FA8F6F224DBDD200952E4D /* BaseModel.swift in Sources */ = {isa = PBXBuildFile; fileRef = A7FA8F6E224DBDD200952E4D /* BaseModel.swift */; };
		A7FA8F75224DBE3500952E4D /* URLs.swift in Sources */ = {isa = PBXBuildFile; fileRef = A7FA8F74224DBE3500952E4D /* URLs.swift */; };
		A7FA8F77224DBE3D00952E4D /* Constants.swift in Sources */ = {isa = PBXBuildFile; fileRef = A7FA8F76224DBE3D00952E4D /* Constants.swift */; };
		A7FA8F79224DBE7800952E4D /* UIViewController+.swift in Sources */ = {isa = PBXBuildFile; fileRef = A7FA8F78224DBE7800952E4D /* UIViewController+.swift */; };
		A7FA8F82224E05AD00952E4D /* WalletViewController.swift in Sources */ = {isa = PBXBuildFile; fileRef = A7FA8F81224E05AD00952E4D /* WalletViewController.swift */; };
		A7FA8F84224E05DD00952E4D /* SettingViewController.swift in Sources */ = {isa = PBXBuildFile; fileRef = A7FA8F83224E05DD00952E4D /* SettingViewController.swift */; };
		A7FE1D7822544C5200D1587F /* HomeTabBarController.swift in Sources */ = {isa = PBXBuildFile; fileRef = A7FE1D7722544C5200D1587F /* HomeTabBarController.swift */; };
		A7FE1D7B225450FB00D1587F /* BackupNewWalletViewController.swift in Sources */ = {isa = PBXBuildFile; fileRef = A7FE1D7A225450FB00D1587F /* BackupNewWalletViewController.swift */; };
/* End PBXBuildFile section */

/* Begin PBXFileReference section */
		4B40CF0298545506788AC780 /* Pods-CryptoWallet.debug.xcconfig */ = {isa = PBXFileReference; includeInIndex = 1; lastKnownFileType = text.xcconfig; name = "Pods-CryptoWallet.debug.xcconfig"; path = "Target Support Files/Pods-CryptoWallet/Pods-CryptoWallet.debug.xcconfig"; sourceTree = "<group>"; };
		9AB879B443FBB53AE39A300A /* Pods_CryptoWallet.framework */ = {isa = PBXFileReference; explicitFileType = wrapper.framework; includeInIndex = 0; path = Pods_CryptoWallet.framework; sourceTree = BUILT_PRODUCTS_DIR; };
		9B51126288E0705AA6D5F268 /* Pods-CryptoWallet.release.xcconfig */ = {isa = PBXFileReference; includeInIndex = 1; lastKnownFileType = text.xcconfig; name = "Pods-CryptoWallet.release.xcconfig"; path = "Target Support Files/Pods-CryptoWallet/Pods-CryptoWallet.release.xcconfig"; sourceTree = "<group>"; };
		A7025CE62255FAAD00CE43C2 /* SessionManager.swift */ = {isa = PBXFileReference; lastKnownFileType = sourcecode.swift; path = SessionManager.swift; sourceTree = "<group>"; };
		A7090720225D787F0077EC20 /* DataTransform.swift */ = {isa = PBXFileReference; lastKnownFileType = sourcecode.swift; path = DataTransform.swift; sourceTree = "<group>"; };
		A7090722225D7C680077EC20 /* AssetRepository.swift */ = {isa = PBXFileReference; lastKnownFileType = sourcecode.swift; path = AssetRepository.swift; sourceTree = "<group>"; };
		A7090724225D7F060077EC20 /* TokenListResponse.swift */ = {isa = PBXFileReference; lastKnownFileType = sourcecode.swift; path = TokenListResponse.swift; sourceTree = "<group>"; };
		A7090726225D804E0077EC20 /* TokenListRequest.swift */ = {isa = PBXFileReference; lastKnownFileType = sourcecode.swift; path = TokenListRequest.swift; sourceTree = "<group>"; };
		A709072C225DA0B80077EC20 /* CMCCoinInfoResponse.swift */ = {isa = PBXFileReference; lastKnownFileType = sourcecode.swift; path = CMCCoinInfoResponse.swift; sourceTree = "<group>"; };
		A709072E225DA1510077EC20 /* CMCCoinInfoRequest.swift */ = {isa = PBXFileReference; lastKnownFileType = sourcecode.swift; path = CMCCoinInfoRequest.swift; sourceTree = "<group>"; };
		A7090732225DEE280077EC20 /* EthereumMarketRequest.swift */ = {isa = PBXFileReference; lastKnownFileType = sourcecode.swift; path = EthereumMarketRequest.swift; sourceTree = "<group>"; };
		A7090734225DEE740077EC20 /* EthereumMarketResponse.swift */ = {isa = PBXFileReference; lastKnownFileType = sourcecode.swift; path = EthereumMarketResponse.swift; sourceTree = "<group>"; };
		A71402CD2256ED3F00573A5A /* AssetCell.swift */ = {isa = PBXFileReference; lastKnownFileType = sourcecode.swift; path = AssetCell.swift; sourceTree = "<group>"; };
		A71402CF2256F3A000573A5A /* AssetInfo.swift */ = {isa = PBXFileReference; lastKnownFileType = sourcecode.swift; path = AssetInfo.swift; sourceTree = "<group>"; };
		A73BC081225ADA4B00D0CD00 /* DataMock.swift */ = {isa = PBXFileReference; lastKnownFileType = sourcecode.swift; path = DataMock.swift; sourceTree = "<group>"; };
		A73BC084225AE5F300D0CD00 /* AssetViewController.swift */ = {isa = PBXFileReference; lastKnownFileType = sourcecode.swift; path = AssetViewController.swift; sourceTree = "<group>"; };
		A73BC086225AEDFF00D0CD00 /* ChartType.swift */ = {isa = PBXFileReference; lastKnownFileType = sourcecode.swift; path = ChartType.swift; sourceTree = "<group>"; };
		A7506BDC2251FEA0002B6EFA /* Setting.storyboard */ = {isa = PBXFileReference; lastKnownFileType = file.storyboard; path = Setting.storyboard; sourceTree = "<group>"; };
		A7506BDE2251FEAF002B6EFA /* Wallet.storyboard */ = {isa = PBXFileReference; lastKnownFileType = file.storyboard; path = Wallet.storyboard; sourceTree = "<group>"; };
		A7506BE122520AE8002B6EFA /* Storyboards.swift */ = {isa = PBXFileReference; lastKnownFileType = sourcecode.swift; path = Storyboards.swift; sourceTree = "<group>"; };
		A7506BEA225219D4002B6EFA /* UIView+.swift */ = {isa = PBXFileReference; lastKnownFileType = sourcecode.swift; path = "UIView+.swift"; sourceTree = "<group>"; };
		A767B97F2252EE7D00AE8BA4 /* RecoverWalletViewController.swift */ = {isa = PBXFileReference; lastKnownFileType = sourcecode.swift; path = RecoverWalletViewController.swift; sourceTree = "<group>"; };
		A767B9812252EE9600AE8BA4 /* CreateWalletViewController.swift */ = {isa = PBXFileReference; lastKnownFileType = sourcecode.swift; path = CreateWalletViewController.swift; sourceTree = "<group>"; };
		A767B9842252F18300AE8BA4 /* GuideViewController.swift */ = {isa = PBXFileReference; lastKnownFileType = sourcecode.swift; path = GuideViewController.swift; sourceTree = "<group>"; };
		A767B9862252FB4900AE8BA4 /* UITextField+.swift */ = {isa = PBXFileReference; lastKnownFileType = sourcecode.swift; path = "UITextField+.swift"; sourceTree = "<group>"; };
		A76C8795225C3B8300E3216E /* UIColor+.swift */ = {isa = PBXFileReference; lastKnownFileType = sourcecode.swift; path = "UIColor+.swift"; sourceTree = "<group>"; };
		A76C8797225C412B00E3216E /* BaseError.swift */ = {isa = PBXFileReference; lastKnownFileType = sourcecode.swift; path = BaseError.swift; sourceTree = "<group>"; };
		A76C8799225C414E00E3216E /* BaseResult.swift */ = {isa = PBXFileReference; lastKnownFileType = sourcecode.swift; path = BaseResult.swift; sourceTree = "<group>"; };
		A76C879B225C416800E3216E /* CustomRequestAdapter.swift */ = {isa = PBXFileReference; lastKnownFileType = sourcecode.swift; path = CustomRequestAdapter.swift; sourceTree = "<group>"; };
		A76C879D225C423F00E3216E /* BaseRequest.swift */ = {isa = PBXFileReference; lastKnownFileType = sourcecode.swift; path = BaseRequest.swift; sourceTree = "<group>"; };
		A76C879F225C427600E3216E /* APIService.swift */ = {isa = PBXFileReference; lastKnownFileType = sourcecode.swift; path = APIService.swift; sourceTree = "<group>"; };
		A76C87A1225C444600E3216E /* WalletValueDataRepository.swift */ = {isa = PBXFileReference; lastKnownFileType = sourcecode.swift; path = WalletValueDataRepository.swift; sourceTree = "<group>"; };
		A76C87A5225C469800E3216E /* WalletValueDataRequest.swift */ = {isa = PBXFileReference; lastKnownFileType = sourcecode.swift; path = WalletValueDataRequest.swift; sourceTree = "<group>"; };
		A76C87A7225C505900E3216E /* WalletValue.swift */ = {isa = PBXFileReference; lastKnownFileType = sourcecode.swift; path = WalletValue.swift; sourceTree = "<group>"; };
		A76C87AD225C752400E3216E /* RunCloud.swift */ = {isa = PBXFileReference; fileEncoding = 4; lastKnownFileType = sourcecode.swift; path = RunCloud.swift; sourceTree = "<group>"; };
		A76C87AF225C946000E3216E /* WalletValueDataResponse.swift */ = {isa = PBXFileReference; lastKnownFileType = sourcecode.swift; path = WalletValueDataResponse.swift; sourceTree = "<group>"; };
		A77CE77C2251A04B001A0F43 /* Transaction.swift */ = {isa = PBXFileReference; lastKnownFileType = sourcecode.swift; path = Transaction.swift; sourceTree = "<group>"; };
		A77CE77E2251A206001A0F43 /* ContractOperation.swift */ = {isa = PBXFileReference; lastKnownFileType = sourcecode.swift; path = ContractOperation.swift; sourceTree = "<group>"; };
		A77CE7802251A338001A0F43 /* ContractTransaction.swift */ = {isa = PBXFileReference; lastKnownFileType = sourcecode.swift; path = ContractTransaction.swift; sourceTree = "<group>"; };
		A77CE7822251AD14001A0F43 /* AssetMarket.swift */ = {isa = PBXFileReference; lastKnownFileType = sourcecode.swift; path = AssetMarket.swift; sourceTree = "<group>"; };
		A77CE7852251CE0F001A0F43 /* LoginViewController.swift */ = {isa = PBXFileReference; lastKnownFileType = sourcecode.swift; path = LoginViewController.swift; sourceTree = "<group>"; };
		A782CD1C224E15A200718C29 /* TokenInfo.swift */ = {isa = PBXFileReference; lastKnownFileType = sourcecode.swift; path = TokenInfo.swift; sourceTree = "<group>"; };
		A782CD1E224E19C900718C29 /* Contract.swift */ = {isa = PBXFileReference; lastKnownFileType = sourcecode.swift; path = Contract.swift; sourceTree = "<group>"; };
		A791946E22574A63008403EC /* ChartHelper.swift */ = {isa = PBXFileReference; lastKnownFileType = sourcecode.swift; path = ChartHelper.swift; sourceTree = "<group>"; };
		A7D183D322530E91009C2EE9 /* Validator.swift */ = {isa = PBXFileReference; lastKnownFileType = sourcecode.swift; path = Validator.swift; sourceTree = "<group>"; };
		A7D183D522531A89009C2EE9 /* Errors.swift */ = {isa = PBXFileReference; lastKnownFileType = sourcecode.swift; path = Errors.swift; sourceTree = "<group>"; };
		A7D183DA2253317D009C2EE9 /* BackupNoticeViewController.swift */ = {isa = PBXFileReference; lastKnownFileType = sourcecode.swift; path = BackupNoticeViewController.swift; sourceTree = "<group>"; };
		A7D183DC22533B56009C2EE9 /* EthereumInteraction.swift */ = {isa = PBXFileReference; lastKnownFileType = sourcecode.swift; path = EthereumInteraction.swift; sourceTree = "<group>"; };
		A7D183E022534024009C2EE9 /* Wallet.swift */ = {isa = PBXFileReference; lastKnownFileType = sourcecode.swift; path = Wallet.swift; sourceTree = "<group>"; };
		A7FA8F49224DBC5700952E4D /* CryptoWallet.app */ = {isa = PBXFileReference; explicitFileType = wrapper.application; includeInIndex = 0; path = CryptoWallet.app; sourceTree = BUILT_PRODUCTS_DIR; };
		A7FA8F4C224DBC5700952E4D /* AppDelegate.swift */ = {isa = PBXFileReference; lastKnownFileType = sourcecode.swift; path = AppDelegate.swift; sourceTree = "<group>"; };
		A7FA8F51224DBC5700952E4D /* Base */ = {isa = PBXFileReference; lastKnownFileType = file.storyboard; name = Base; path = Base.lproj/Main.storyboard; sourceTree = "<group>"; };
		A7FA8F56224DBC5700952E4D /* Assets.xcassets */ = {isa = PBXFileReference; lastKnownFileType = folder.assetcatalog; path = Assets.xcassets; sourceTree = "<group>"; };
		A7FA8F59224DBC5700952E4D /* Base */ = {isa = PBXFileReference; lastKnownFileType = file.storyboard; name = Base; path = Base.lproj/LaunchScreen.storyboard; sourceTree = "<group>"; };
		A7FA8F5B224DBC5700952E4D /* Info.plist */ = {isa = PBXFileReference; lastKnownFileType = text.plist.xml; path = Info.plist; sourceTree = "<group>"; };
		A7FA8F6A224DBDAA00952E4D /* ViewModelType.swift */ = {isa = PBXFileReference; lastKnownFileType = sourcecode.swift; path = ViewModelType.swift; sourceTree = "<group>"; };
		A7FA8F6E224DBDD200952E4D /* BaseModel.swift */ = {isa = PBXFileReference; lastKnownFileType = sourcecode.swift; path = BaseModel.swift; sourceTree = "<group>"; };
		A7FA8F74224DBE3500952E4D /* URLs.swift */ = {isa = PBXFileReference; lastKnownFileType = sourcecode.swift; path = URLs.swift; sourceTree = "<group>"; };
		A7FA8F76224DBE3D00952E4D /* Constants.swift */ = {isa = PBXFileReference; lastKnownFileType = sourcecode.swift; path = Constants.swift; sourceTree = "<group>"; };
		A7FA8F78224DBE7800952E4D /* UIViewController+.swift */ = {isa = PBXFileReference; lastKnownFileType = sourcecode.swift; path = "UIViewController+.swift"; sourceTree = "<group>"; };
		A7FA8F81224E05AD00952E4D /* WalletViewController.swift */ = {isa = PBXFileReference; lastKnownFileType = sourcecode.swift; path = WalletViewController.swift; sourceTree = "<group>"; };
		A7FA8F83224E05DD00952E4D /* SettingViewController.swift */ = {isa = PBXFileReference; lastKnownFileType = sourcecode.swift; path = SettingViewController.swift; sourceTree = "<group>"; };
		A7FE1D7722544C5200D1587F /* HomeTabBarController.swift */ = {isa = PBXFileReference; lastKnownFileType = sourcecode.swift; path = HomeTabBarController.swift; sourceTree = "<group>"; };
		A7FE1D7A225450FB00D1587F /* BackupNewWalletViewController.swift */ = {isa = PBXFileReference; lastKnownFileType = sourcecode.swift; path = BackupNewWalletViewController.swift; sourceTree = "<group>"; };
/* End PBXFileReference section */

/* Begin PBXFrameworksBuildPhase section */
		A7FA8F46224DBC5700952E4D /* Frameworks */ = {
			isa = PBXFrameworksBuildPhase;
			buildActionMask = 2147483647;
			files = (
				6E17FF07C2582172785CD918 /* Pods_CryptoWallet.framework in Frameworks */,
			);
			runOnlyForDeploymentPostprocessing = 0;
		};
/* End PBXFrameworksBuildPhase section */

/* Begin PBXGroup section */
		16C4741992DD3A9B56E48E91 /* Frameworks */ = {
			isa = PBXGroup;
			children = (
				9AB879B443FBB53AE39A300A /* Pods_CryptoWallet.framework */,
			);
			name = Frameworks;
			sourceTree = "<group>";
		};
		866AEA0F458AF77689B48908 /* Pods */ = {
			isa = PBXGroup;
			children = (
				4B40CF0298545506788AC780 /* Pods-CryptoWallet.debug.xcconfig */,
				9B51126288E0705AA6D5F268 /* Pods-CryptoWallet.release.xcconfig */,
			);
			path = Pods;
			sourceTree = "<group>";
		};
		A73BC083225AE5CC00D0CD00 /* Asset */ = {
			isa = PBXGroup;
			children = (
				A73BC084225AE5F300D0CD00 /* AssetViewController.swift */,
			);
			path = Asset;
			sourceTree = "<group>";
		};
		A73BC08A225B468900D0CD00 /* Response */ = {
			isa = PBXGroup;
			children = (
				A76C87AF225C946000E3216E /* WalletValueDataResponse.swift */,
				A7090724225D7F060077EC20 /* TokenListResponse.swift */,
				A709072C225DA0B80077EC20 /* CMCCoinInfoResponse.swift */,
				A7090734225DEE740077EC20 /* EthereumMarketResponse.swift */,
			);
			path = Response;
			sourceTree = "<group>";
		};
		A73BC08B225B46AB00D0CD00 /* Request */ = {
			isa = PBXGroup;
			children = (
				A76C879D225C423F00E3216E /* BaseRequest.swift */,
				A76C87A5225C469800E3216E /* WalletValueDataRequest.swift */,
				A7090726225D804E0077EC20 /* TokenListRequest.swift */,
				A709072E225DA1510077EC20 /* CMCCoinInfoRequest.swift */,
				A7090732225DEE280077EC20 /* EthereumMarketRequest.swift */,
			);
			path = Request;
			sourceTree = "<group>";
		};
		A73BC08C225B46B100D0CD00 /* Middleware */ = {
			isa = PBXGroup;
			children = (
				A76C8799225C414E00E3216E /* BaseResult.swift */,
				A76C879B225C416800E3216E /* CustomRequestAdapter.swift */,
			);
			path = Middleware;
			sourceTree = "<group>";
		};
		A73BC08D225B46BA00D0CD00 /* Error */ = {
			isa = PBXGroup;
			children = (
				A76C8797225C412B00E3216E /* BaseError.swift */,
			);
			path = Error;
			sourceTree = "<group>";
		};
		A7506BE0225203A4002B6EFA /* Storyboards */ = {
			isa = PBXGroup;
			children = (
				A7506BDE2251FEAF002B6EFA /* Wallet.storyboard */,
				A7506BDC2251FEA0002B6EFA /* Setting.storyboard */,
				A7FA8F50224DBC5700952E4D /* Main.storyboard */,
				A7FA8F58224DBC5700952E4D /* LaunchScreen.storyboard */,
				A7506BE122520AE8002B6EFA /* Storyboards.swift */,
			);
			path = Storyboards;
			sourceTree = "<group>";
		};
		A767B97D2252EE5A00AE8BA4 /* CreateWallet */ = {
			isa = PBXGroup;
			children = (
				A7FE1D79225450D500D1587F /* BackupNewWallet */,
				A7D183D922533166009C2EE9 /* BackupNotice */,
				A767B9812252EE9600AE8BA4 /* CreateWalletViewController.swift */,
			);
			path = CreateWallet;
			sourceTree = "<group>";
		};
		A767B97E2252EE6600AE8BA4 /* RecoverWallet */ = {
			isa = PBXGroup;
			children = (
				A767B97F2252EE7D00AE8BA4 /* RecoverWalletViewController.swift */,
			);
			path = RecoverWallet;
			sourceTree = "<group>";
		};
		A767B9832252F15D00AE8BA4 /* Guide */ = {
			isa = PBXGroup;
			children = (
				A767B9842252F18300AE8BA4 /* GuideViewController.swift */,
			);
			path = Guide;
			sourceTree = "<group>";
		};
		A77CE7842251CDF3001A0F43 /* Login */ = {
			isa = PBXGroup;
			children = (
				A767B97E2252EE6600AE8BA4 /* RecoverWallet */,
				A767B97D2252EE5A00AE8BA4 /* CreateWallet */,
				A77CE7852251CE0F001A0F43 /* LoginViewController.swift */,
			);
			path = Login;
			sourceTree = "<group>";
		};
		A7D183D922533166009C2EE9 /* BackupNotice */ = {
			isa = PBXGroup;
			children = (
				A7D183DA2253317D009C2EE9 /* BackupNoticeViewController.swift */,
			);
			path = BackupNotice;
			sourceTree = "<group>";
		};
		A7FA8F40224DBC5700952E4D = {
			isa = PBXGroup;
			children = (
				A7FA8F4B224DBC5700952E4D /* CryptoWallet */,
				A7FA8F4A224DBC5700952E4D /* Products */,
				866AEA0F458AF77689B48908 /* Pods */,
				16C4741992DD3A9B56E48E91 /* Frameworks */,
			);
			sourceTree = "<group>";
		};
		A7FA8F4A224DBC5700952E4D /* Products */ = {
			isa = PBXGroup;
			children = (
				A7FA8F49224DBC5700952E4D /* CryptoWallet.app */,
			);
			name = Products;
			sourceTree = "<group>";
		};
		A7FA8F4B224DBC5700952E4D /* CryptoWallet */ = {
			isa = PBXGroup;
			children = (
				A7FA8F69224DBD7E00952E4D /* Widgets */,
				A7FA8F68224DBD7900952E4D /* Utils */,
				A7FA8F67224DBD6D00952E4D /* Scenes */,
				A7FA8F66224DBD6500952E4D /* Resources */,
				A7FA8F65224DBD5D00952E4D /* Repositories */,
				A7FA8F64224DBD5700952E4D /* Extensions */,
				A7FA8F63224DBD5100952E4D /* Data */,
				A7FA8F62224DBD4100952E4D /* Common */,
				A7FA8F61224DBD3900952E4D /* Application */,
				A7FA8F5B224DBC5700952E4D /* Info.plist */,
			);
			path = CryptoWallet;
			sourceTree = "<group>";
		};
		A7FA8F61224DBD3900952E4D /* Application */ = {
			isa = PBXGroup;
			children = (
				A7FA8F4C224DBC5700952E4D /* AppDelegate.swift */,
			);
			path = Application;
			sourceTree = "<group>";
		};
		A7FA8F62224DBD4100952E4D /* Common */ = {
			isa = PBXGroup;
			children = (
				A7FA8F6A224DBDAA00952E4D /* ViewModelType.swift */,
				A7D183D322530E91009C2EE9 /* Validator.swift */,
				A791946E22574A63008403EC /* ChartHelper.swift */,
				A7090720225D787F0077EC20 /* DataTransform.swift */,
			);
			path = Common;
			sourceTree = "<group>";
		};
		A7FA8F63224DBD5100952E4D /* Data */ = {
			isa = PBXGroup;
			children = (
				A7FA8F6D224DBDC200952E4D /* Source */,
				A7FA8F6C224DBDBD00952E4D /* Model */,
				A73BC081225ADA4B00D0CD00 /* DataMock.swift */,
			);
			path = Data;
			sourceTree = "<group>";
		};
		A7FA8F64224DBD5700952E4D /* Extensions */ = {
			isa = PBXGroup;
			children = (
				A7FA8F78224DBE7800952E4D /* UIViewController+.swift */,
				A7506BEA225219D4002B6EFA /* UIView+.swift */,
				A767B9862252FB4900AE8BA4 /* UITextField+.swift */,
				A76C8795225C3B8300E3216E /* UIColor+.swift */,
			);
			path = Extensions;
			sourceTree = "<group>";
		};
		A7FA8F65224DBD5D00952E4D /* Repositories */ = {
			isa = PBXGroup;
			children = (
				A7D183DC22533B56009C2EE9 /* EthereumInteraction.swift */,
				A7025CE62255FAAD00CE43C2 /* SessionManager.swift */,
				A76C87A1225C444600E3216E /* WalletValueDataRepository.swift */,
				A7090722225D7C680077EC20 /* AssetRepository.swift */,
			);
			path = Repositories;
			sourceTree = "<group>";
		};
		A7FA8F66224DBD6500952E4D /* Resources */ = {
			isa = PBXGroup;
			children = (
				A7FA8F56224DBC5700952E4D /* Assets.xcassets */,
			);
			path = Resources;
			sourceTree = "<group>";
		};
		A7FA8F67224DBD6D00952E4D /* Scenes */ = {
			isa = PBXGroup;
			children = (
				A7FE1D74225448B600D1587F /* Home */,
				A767B9832252F15D00AE8BA4 /* Guide */,
				A7506BE0225203A4002B6EFA /* Storyboards */,
				A77CE7842251CDF3001A0F43 /* Login */,
			);
			path = Scenes;
			sourceTree = "<group>";
		};
		A7FA8F68224DBD7900952E4D /* Utils */ = {
			isa = PBXGroup;
			children = (
				A7FA8F74224DBE3500952E4D /* URLs.swift */,
				A76C87AD225C752400E3216E /* RunCloud.swift */,
				A7FA8F76224DBE3D00952E4D /* Constants.swift */,
				A7D183D522531A89009C2EE9 /* Errors.swift */,
				A73BC086225AEDFF00D0CD00 /* ChartType.swift */,
			);
			path = Utils;
			sourceTree = "<group>";
		};
		A7FA8F69224DBD7E00952E4D /* Widgets */ = {
			isa = PBXGroup;
			children = (
			);
			path = Widgets;
			sourceTree = "<group>";
		};
		A7FA8F6C224DBDBD00952E4D /* Model */ = {
			isa = PBXGroup;
			children = (
				A7FA8F6E224DBDD200952E4D /* BaseModel.swift */,
				A76C87A7225C505900E3216E /* WalletValue.swift */,
				A782CD1C224E15A200718C29 /* TokenInfo.swift */,
				A782CD1E224E19C900718C29 /* Contract.swift */,
				A77CE77C2251A04B001A0F43 /* Transaction.swift */,
				A77CE77E2251A206001A0F43 /* ContractOperation.swift */,
				A77CE7802251A338001A0F43 /* ContractTransaction.swift */,
				A77CE7822251AD14001A0F43 /* AssetMarket.swift */,
				A7D183E022534024009C2EE9 /* Wallet.swift */,
				A71402CF2256F3A000573A5A /* AssetInfo.swift */,
			);
			path = Model;
			sourceTree = "<group>";
		};
		A7FA8F6D224DBDC200952E4D /* Source */ = {
			isa = PBXGroup;
			children = (
				A7FA8F71224DBDFF00952E4D /* Remote */,
				A7FA8F70224DBDFB00952E4D /* Local */,
			);
			path = Source;
			sourceTree = "<group>";
		};
		A7FA8F70224DBDFB00952E4D /* Local */ = {
			isa = PBXGroup;
			children = (
			);
			path = Local;
			sourceTree = "<group>";
		};
		A7FA8F71224DBDFF00952E4D /* Remote */ = {
			isa = PBXGroup;
			children = (
				A7FA8F73224DBE0900952E4D /* API */,
				A7FA8F72224DBE0500952E4D /* Service */,
			);
			path = Remote;
			sourceTree = "<group>";
		};
		A7FA8F72224DBE0500952E4D /* Service */ = {
			isa = PBXGroup;
			children = (
				A76C879F225C427600E3216E /* APIService.swift */,
			);
			path = Service;
			sourceTree = "<group>";
		};
		A7FA8F73224DBE0900952E4D /* API */ = {
			isa = PBXGroup;
			children = (
				A73BC08D225B46BA00D0CD00 /* Error */,
				A73BC08C225B46B100D0CD00 /* Middleware */,
				A73BC08B225B46AB00D0CD00 /* Request */,
				A73BC08A225B468900D0CD00 /* Response */,
			);
			path = API;
			sourceTree = "<group>";
		};
		A7FA8F7F224E057100952E4D /* Wallet */ = {
			isa = PBXGroup;
			children = (
				A73BC083225AE5CC00D0CD00 /* Asset */,
				A7FA8F81224E05AD00952E4D /* WalletViewController.swift */,
				A71402CD2256ED3F00573A5A /* AssetCell.swift */,
			);
			path = Wallet;
			sourceTree = "<group>";
		};
		A7FA8F80224E059600952E4D /* Setting */ = {
			isa = PBXGroup;
			children = (
				A7FA8F83224E05DD00952E4D /* SettingViewController.swift */,
			);
			path = Setting;
			sourceTree = "<group>";
		};
		A7FE1D74225448B600D1587F /* Home */ = {
			isa = PBXGroup;
			children = (
				A7FA8F7F224E057100952E4D /* Wallet */,
				A7FA8F80224E059600952E4D /* Setting */,
				A7FE1D7722544C5200D1587F /* HomeTabBarController.swift */,
			);
			path = Home;
			sourceTree = "<group>";
		};
		A7FE1D79225450D500D1587F /* BackupNewWallet */ = {
			isa = PBXGroup;
			children = (
				A7FE1D7A225450FB00D1587F /* BackupNewWalletViewController.swift */,
			);
			path = BackupNewWallet;
			sourceTree = "<group>";
		};
/* End PBXGroup section */

/* Begin PBXNativeTarget section */
		A7FA8F48224DBC5700952E4D /* CryptoWallet */ = {
			isa = PBXNativeTarget;
			buildConfigurationList = A7FA8F5E224DBC5700952E4D /* Build configuration list for PBXNativeTarget "CryptoWallet" */;
			buildPhases = (
				D46458802D3A45ACF9A23A9B /* [CP] Check Pods Manifest.lock */,
				A7FA8F45224DBC5700952E4D /* Sources */,
				A7FA8F46224DBC5700952E4D /* Frameworks */,
				A7FA8F47224DBC5700952E4D /* Resources */,
				2314345707CEF3537675E125 /* [CP] Embed Pods Frameworks */,
				A7FA8F7C224DC1A100952E4D /* ShellScript */,
			);
			buildRules = (
			);
			dependencies = (
			);
			name = CryptoWallet;
			productName = CryptoWallet;
			productReference = A7FA8F49224DBC5700952E4D /* CryptoWallet.app */;
			productType = "com.apple.product-type.application";
		};
/* End PBXNativeTarget section */

/* Begin PBXProject section */
		A7FA8F41224DBC5700952E4D /* Project object */ = {
			isa = PBXProject;
			attributes = {
				LastSwiftUpdateCheck = 1010;
				LastUpgradeCheck = 1010;
				ORGANIZATIONNAME = "Phan Dinh Van";
				TargetAttributes = {
					A7FA8F48224DBC5700952E4D = {
						CreatedOnToolsVersion = 10.1;
					};
				};
			};
			buildConfigurationList = A7FA8F44224DBC5700952E4D /* Build configuration list for PBXProject "CryptoWallet" */;
			compatibilityVersion = "Xcode 9.3";
			developmentRegion = en;
			hasScannedForEncodings = 0;
			knownRegions = (
				en,
				Base,
			);
			mainGroup = A7FA8F40224DBC5700952E4D;
			productRefGroup = A7FA8F4A224DBC5700952E4D /* Products */;
			projectDirPath = "";
			projectRoot = "";
			targets = (
				A7FA8F48224DBC5700952E4D /* CryptoWallet */,
			);
		};
/* End PBXProject section */

/* Begin PBXResourcesBuildPhase section */
		A7FA8F47224DBC5700952E4D /* Resources */ = {
			isa = PBXResourcesBuildPhase;
			buildActionMask = 2147483647;
			files = (
				A7FA8F5A224DBC5700952E4D /* LaunchScreen.storyboard in Resources */,
				A7506BDF2251FEAF002B6EFA /* Wallet.storyboard in Resources */,
				A7FA8F57224DBC5700952E4D /* Assets.xcassets in Resources */,
				A7FA8F52224DBC5700952E4D /* Main.storyboard in Resources */,
				A7506BDD2251FEA0002B6EFA /* Setting.storyboard in Resources */,
			);
			runOnlyForDeploymentPostprocessing = 0;
		};
/* End PBXResourcesBuildPhase section */

/* Begin PBXShellScriptBuildPhase section */
		2314345707CEF3537675E125 /* [CP] Embed Pods Frameworks */ = {
			isa = PBXShellScriptBuildPhase;
			buildActionMask = 2147483647;
			files = (
			);
			inputFileListPaths = (
			);
			inputPaths = (
				"${PODS_ROOT}/Target Support Files/Pods-CryptoWallet/Pods-CryptoWallet-frameworks.sh",
				"${BUILT_PRODUCTS_DIR}/Alamofire/Alamofire.framework",
				"${BUILT_PRODUCTS_DIR}/BigInt/BigInt.framework",
				"${BUILT_PRODUCTS_DIR}/CryptoSwift/CryptoSwift.framework",
				"${BUILT_PRODUCTS_DIR}/EthereumABI/EthereumABI.framework",
				"${BUILT_PRODUCTS_DIR}/EthereumAddress/EthereumAddress.framework",
				"${BUILT_PRODUCTS_DIR}/Kingfisher/Kingfisher.framework",
				"${BUILT_PRODUCTS_DIR}/ObjectMapper/ObjectMapper.framework",
				"${BUILT_PRODUCTS_DIR}/PromiseKit/PromiseKit.framework",
				"${BUILT_PRODUCTS_DIR}/Reusable/Reusable.framework",
				"${BUILT_PRODUCTS_DIR}/SipHash/SipHash.framework",
				"${BUILT_PRODUCTS_DIR}/SwiftChart/SwiftChart.framework",
				"${BUILT_PRODUCTS_DIR}/SwiftRLP/SwiftRLP.framework",
				"${BUILT_PRODUCTS_DIR}/Then/Then.framework",
				"${BUILT_PRODUCTS_DIR}/UITextView+Placeholder/UITextView_Placeholder.framework",
				"${BUILT_PRODUCTS_DIR}/Valet/Valet.framework",
				"${BUILT_PRODUCTS_DIR}/Validator/Validator.framework",
				"${BUILT_PRODUCTS_DIR}/scrypt/scrypt.framework",
				"${BUILT_PRODUCTS_DIR}/secp256k1_swift/secp256k1_swift.framework",
				"${BUILT_PRODUCTS_DIR}/web3swift/Web3swift.framework",
			);
			name = "[CP] Embed Pods Frameworks";
			outputFileListPaths = (
			);
			outputPaths = (
				"${TARGET_BUILD_DIR}/${FRAMEWORKS_FOLDER_PATH}/Alamofire.framework",
				"${TARGET_BUILD_DIR}/${FRAMEWORKS_FOLDER_PATH}/BigInt.framework",
				"${TARGET_BUILD_DIR}/${FRAMEWORKS_FOLDER_PATH}/CryptoSwift.framework",
				"${TARGET_BUILD_DIR}/${FRAMEWORKS_FOLDER_PATH}/EthereumABI.framework",
				"${TARGET_BUILD_DIR}/${FRAMEWORKS_FOLDER_PATH}/EthereumAddress.framework",
				"${TARGET_BUILD_DIR}/${FRAMEWORKS_FOLDER_PATH}/Kingfisher.framework",
				"${TARGET_BUILD_DIR}/${FRAMEWORKS_FOLDER_PATH}/ObjectMapper.framework",
				"${TARGET_BUILD_DIR}/${FRAMEWORKS_FOLDER_PATH}/PromiseKit.framework",
				"${TARGET_BUILD_DIR}/${FRAMEWORKS_FOLDER_PATH}/Reusable.framework",
				"${TARGET_BUILD_DIR}/${FRAMEWORKS_FOLDER_PATH}/SipHash.framework",
				"${TARGET_BUILD_DIR}/${FRAMEWORKS_FOLDER_PATH}/SwiftChart.framework",
				"${TARGET_BUILD_DIR}/${FRAMEWORKS_FOLDER_PATH}/SwiftRLP.framework",
				"${TARGET_BUILD_DIR}/${FRAMEWORKS_FOLDER_PATH}/Then.framework",
				"${TARGET_BUILD_DIR}/${FRAMEWORKS_FOLDER_PATH}/UITextView_Placeholder.framework",
				"${TARGET_BUILD_DIR}/${FRAMEWORKS_FOLDER_PATH}/Valet.framework",
				"${TARGET_BUILD_DIR}/${FRAMEWORKS_FOLDER_PATH}/Validator.framework",
				"${TARGET_BUILD_DIR}/${FRAMEWORKS_FOLDER_PATH}/scrypt.framework",
				"${TARGET_BUILD_DIR}/${FRAMEWORKS_FOLDER_PATH}/secp256k1_swift.framework",
				"${TARGET_BUILD_DIR}/${FRAMEWORKS_FOLDER_PATH}/Web3swift.framework",
			);
			runOnlyForDeploymentPostprocessing = 0;
			shellPath = /bin/sh;
			shellScript = "\"${PODS_ROOT}/Target Support Files/Pods-CryptoWallet/Pods-CryptoWallet-frameworks.sh\"\n";
			showEnvVarsInLog = 0;
		};
		A7FA8F7C224DC1A100952E4D /* ShellScript */ = {
			isa = PBXShellScriptBuildPhase;
			buildActionMask = 2147483647;
			files = (
			);
			inputFileListPaths = (
			);
			inputPaths = (
			);
			outputFileListPaths = (
			);
			outputPaths = (
			);
			runOnlyForDeploymentPostprocessing = 0;
			shellPath = /bin/sh;
			shellScript = "${PODS_ROOT}/SwiftLint/swiftlint\n";
		};
		D46458802D3A45ACF9A23A9B /* [CP] Check Pods Manifest.lock */ = {
			isa = PBXShellScriptBuildPhase;
			buildActionMask = 2147483647;
			files = (
			);
			inputFileListPaths = (
			);
			inputPaths = (
				"${PODS_PODFILE_DIR_PATH}/Podfile.lock",
				"${PODS_ROOT}/Manifest.lock",
			);
			name = "[CP] Check Pods Manifest.lock";
			outputFileListPaths = (
			);
			outputPaths = (
				"$(DERIVED_FILE_DIR)/Pods-CryptoWallet-checkManifestLockResult.txt",
			);
			runOnlyForDeploymentPostprocessing = 0;
			shellPath = /bin/sh;
			shellScript = "diff \"${PODS_PODFILE_DIR_PATH}/Podfile.lock\" \"${PODS_ROOT}/Manifest.lock\" > /dev/null\nif [ $? != 0 ] ; then\n    # print error to STDERR\n    echo \"error: The sandbox is not in sync with the Podfile.lock. Run 'pod install' or update your CocoaPods installation.\" >&2\n    exit 1\nfi\n# This output is used by Xcode 'outputs' to avoid re-running this script phase.\necho \"SUCCESS\" > \"${SCRIPT_OUTPUT_FILE_0}\"\n";
			showEnvVarsInLog = 0;
		};
/* End PBXShellScriptBuildPhase section */

/* Begin PBXSourcesBuildPhase section */
		A7FA8F45224DBC5700952E4D /* Sources */ = {
			isa = PBXSourcesBuildPhase;
			buildActionMask = 2147483647;
			files = (
				A7FA8F75224DBE3500952E4D /* URLs.swift in Sources */,
				A76C879C225C416800E3216E /* CustomRequestAdapter.swift in Sources */,
				A7FE1D7822544C5200D1587F /* HomeTabBarController.swift in Sources */,
				A7090735225DEE740077EC20 /* EthereumMarketResponse.swift in Sources */,
				A7090721225D787F0077EC20 /* DataTransform.swift in Sources */,
				A709072F225DA1510077EC20 /* CMCCoinInfoRequest.swift in Sources */,
				A76C87A2225C444600E3216E /* WalletValueDataRepository.swift in Sources */,
				A76C87A6225C469800E3216E /* WalletValueDataRequest.swift in Sources */,
				A71402CE2256ED3F00573A5A /* AssetCell.swift in Sources */,
				A767B9802252EE7D00AE8BA4 /* RecoverWalletViewController.swift in Sources */,
				A77CE77D2251A04B001A0F43 /* Transaction.swift in Sources */,
				A73BC085225AE5F300D0CD00 /* AssetViewController.swift in Sources */,
				A73BC087225AEDFF00D0CD00 /* ChartType.swift in Sources */,
				A7025CE72255FAAD00CE43C2 /* SessionManager.swift in Sources */,
				A7D183D622531A89009C2EE9 /* Errors.swift in Sources */,
				A7FA8F77224DBE3D00952E4D /* Constants.swift in Sources */,
				A7D183D422530E91009C2EE9 /* Validator.swift in Sources */,
				A7D183E122534024009C2EE9 /* Wallet.swift in Sources */,
				A7FA8F82224E05AD00952E4D /* WalletViewController.swift in Sources */,
				A76C87A0225C427600E3216E /* APIService.swift in Sources */,
				A7506BE222520AE8002B6EFA /* Storyboards.swift in Sources */,
				A7090725225D7F060077EC20 /* TokenListResponse.swift in Sources */,
				A7FA8F84224E05DD00952E4D /* SettingViewController.swift in Sources */,
				A782CD1D224E15A200718C29 /* TokenInfo.swift in Sources */,
				A782CD1F224E19C900718C29 /* Contract.swift in Sources */,
				A76C87AE225C752400E3216E /* RunCloud.swift in Sources */,
				A7090723225D7C680077EC20 /* AssetRepository.swift in Sources */,
				A77CE7812251A338001A0F43 /* ContractTransaction.swift in Sources */,
				A7090727225D804E0077EC20 /* TokenListRequest.swift in Sources */,
				A7FA8F4D224DBC5700952E4D /* AppDelegate.swift in Sources */,
				A76C879A225C414E00E3216E /* BaseResult.swift in Sources */,
				A76C87B0225C946000E3216E /* WalletValueDataResponse.swift in Sources */,
				A709072D225DA0B80077EC20 /* CMCCoinInfoResponse.swift in Sources */,
				A7FA8F6F224DBDD200952E4D /* BaseModel.swift in Sources */,
				A76C8796225C3B8300E3216E /* UIColor+.swift in Sources */,
				A7090733225DEE280077EC20 /* EthereumMarketRequest.swift in Sources */,
				A7D183DD22533B56009C2EE9 /* EthereumInteraction.swift in Sources */,
				A77CE77F2251A206001A0F43 /* ContractOperation.swift in Sources */,
				A767B9822252EE9600AE8BA4 /* CreateWalletViewController.swift in Sources */,
				A71402D02256F3A000573A5A /* AssetInfo.swift in Sources */,
				A77CE7862251CE0F001A0F43 /* LoginViewController.swift in Sources */,
				A7506BEB225219D4002B6EFA /* UIView+.swift in Sources */,
				A767B9852252F18300AE8BA4 /* GuideViewController.swift in Sources */,
				A791946F22574A63008403EC /* ChartHelper.swift in Sources */,
				A7FA8F6B224DBDAA00952E4D /* ViewModelType.swift in Sources */,
				A73BC082225ADA4B00D0CD00 /* DataMock.swift in Sources */,
				A7D183DB2253317D009C2EE9 /* BackupNoticeViewController.swift in Sources */,
				A76C8798225C412B00E3216E /* BaseError.swift in Sources */,
				A7FA8F79224DBE7800952E4D /* UIViewController+.swift in Sources */,
				A76C879E225C423F00E3216E /* BaseRequest.swift in Sources */,
				A7FE1D7B225450FB00D1587F /* BackupNewWalletViewController.swift in Sources */,
				A77CE7832251AD14001A0F43 /* AssetMarket.swift in Sources */,
				A767B9872252FB4900AE8BA4 /* UITextField+.swift in Sources */,
				A76C87A8225C505900E3216E /* WalletValue.swift in Sources */,
			);
			runOnlyForDeploymentPostprocessing = 0;
		};
/* End PBXSourcesBuildPhase section */

/* Begin PBXVariantGroup section */
		A7FA8F50224DBC5700952E4D /* Main.storyboard */ = {
			isa = PBXVariantGroup;
			children = (
				A7FA8F51224DBC5700952E4D /* Base */,
			);
			name = Main.storyboard;
			sourceTree = "<group>";
		};
		A7FA8F58224DBC5700952E4D /* LaunchScreen.storyboard */ = {
			isa = PBXVariantGroup;
			children = (
				A7FA8F59224DBC5700952E4D /* Base */,
			);
			name = LaunchScreen.storyboard;
			sourceTree = "<group>";
		};
/* End PBXVariantGroup section */

/* Begin XCBuildConfiguration section */
		A7FA8F5C224DBC5700952E4D /* Debug */ = {
			isa = XCBuildConfiguration;
			buildSettings = {
				ALWAYS_SEARCH_USER_PATHS = NO;
				CLANG_ANALYZER_NONNULL = YES;
				CLANG_ANALYZER_NUMBER_OBJECT_CONVERSION = YES_AGGRESSIVE;
				CLANG_CXX_LANGUAGE_STANDARD = "gnu++14";
				CLANG_CXX_LIBRARY = "libc++";
				CLANG_ENABLE_MODULES = YES;
				CLANG_ENABLE_OBJC_ARC = YES;
				CLANG_ENABLE_OBJC_WEAK = YES;
				CLANG_WARN_BLOCK_CAPTURE_AUTORELEASING = YES;
				CLANG_WARN_BOOL_CONVERSION = YES;
				CLANG_WARN_COMMA = YES;
				CLANG_WARN_CONSTANT_CONVERSION = YES;
				CLANG_WARN_DEPRECATED_OBJC_IMPLEMENTATIONS = YES;
				CLANG_WARN_DIRECT_OBJC_ISA_USAGE = YES_ERROR;
				CLANG_WARN_DOCUMENTATION_COMMENTS = YES;
				CLANG_WARN_EMPTY_BODY = YES;
				CLANG_WARN_ENUM_CONVERSION = YES;
				CLANG_WARN_INFINITE_RECURSION = YES;
				CLANG_WARN_INT_CONVERSION = YES;
				CLANG_WARN_NON_LITERAL_NULL_CONVERSION = YES;
				CLANG_WARN_OBJC_IMPLICIT_RETAIN_SELF = YES;
				CLANG_WARN_OBJC_LITERAL_CONVERSION = YES;
				CLANG_WARN_OBJC_ROOT_CLASS = YES_ERROR;
				CLANG_WARN_RANGE_LOOP_ANALYSIS = YES;
				CLANG_WARN_STRICT_PROTOTYPES = YES;
				CLANG_WARN_SUSPICIOUS_MOVE = YES;
				CLANG_WARN_UNGUARDED_AVAILABILITY = YES_AGGRESSIVE;
				CLANG_WARN_UNREACHABLE_CODE = YES;
				CLANG_WARN__DUPLICATE_METHOD_MATCH = YES;
				CODE_SIGN_IDENTITY = "iPhone Developer";
				COPY_PHASE_STRIP = NO;
				DEBUG_INFORMATION_FORMAT = dwarf;
				ENABLE_STRICT_OBJC_MSGSEND = YES;
				ENABLE_TESTABILITY = YES;
				GCC_C_LANGUAGE_STANDARD = gnu11;
				GCC_DYNAMIC_NO_PIC = NO;
				GCC_NO_COMMON_BLOCKS = YES;
				GCC_OPTIMIZATION_LEVEL = 0;
				GCC_PREPROCESSOR_DEFINITIONS = (
					"DEBUG=1",
					"$(inherited)",
				);
				GCC_WARN_64_TO_32_BIT_CONVERSION = YES;
				GCC_WARN_ABOUT_RETURN_TYPE = YES_ERROR;
				GCC_WARN_UNDECLARED_SELECTOR = YES;
				GCC_WARN_UNINITIALIZED_AUTOS = YES_AGGRESSIVE;
				GCC_WARN_UNUSED_FUNCTION = YES;
				GCC_WARN_UNUSED_VARIABLE = YES;
				IPHONEOS_DEPLOYMENT_TARGET = 12.1;
				MTL_ENABLE_DEBUG_INFO = INCLUDE_SOURCE;
				MTL_FAST_MATH = YES;
				ONLY_ACTIVE_ARCH = YES;
				SDKROOT = iphoneos;
				SWIFT_ACTIVE_COMPILATION_CONDITIONS = DEBUG;
				SWIFT_OPTIMIZATION_LEVEL = "-Onone";
			};
			name = Debug;
		};
		A7FA8F5D224DBC5700952E4D /* Release */ = {
			isa = XCBuildConfiguration;
			buildSettings = {
				ALWAYS_SEARCH_USER_PATHS = NO;
				CLANG_ANALYZER_NONNULL = YES;
				CLANG_ANALYZER_NUMBER_OBJECT_CONVERSION = YES_AGGRESSIVE;
				CLANG_CXX_LANGUAGE_STANDARD = "gnu++14";
				CLANG_CXX_LIBRARY = "libc++";
				CLANG_ENABLE_MODULES = YES;
				CLANG_ENABLE_OBJC_ARC = YES;
				CLANG_ENABLE_OBJC_WEAK = YES;
				CLANG_WARN_BLOCK_CAPTURE_AUTORELEASING = YES;
				CLANG_WARN_BOOL_CONVERSION = YES;
				CLANG_WARN_COMMA = YES;
				CLANG_WARN_CONSTANT_CONVERSION = YES;
				CLANG_WARN_DEPRECATED_OBJC_IMPLEMENTATIONS = YES;
				CLANG_WARN_DIRECT_OBJC_ISA_USAGE = YES_ERROR;
				CLANG_WARN_DOCUMENTATION_COMMENTS = YES;
				CLANG_WARN_EMPTY_BODY = YES;
				CLANG_WARN_ENUM_CONVERSION = YES;
				CLANG_WARN_INFINITE_RECURSION = YES;
				CLANG_WARN_INT_CONVERSION = YES;
				CLANG_WARN_NON_LITERAL_NULL_CONVERSION = YES;
				CLANG_WARN_OBJC_IMPLICIT_RETAIN_SELF = YES;
				CLANG_WARN_OBJC_LITERAL_CONVERSION = YES;
				CLANG_WARN_OBJC_ROOT_CLASS = YES_ERROR;
				CLANG_WARN_RANGE_LOOP_ANALYSIS = YES;
				CLANG_WARN_STRICT_PROTOTYPES = YES;
				CLANG_WARN_SUSPICIOUS_MOVE = YES;
				CLANG_WARN_UNGUARDED_AVAILABILITY = YES_AGGRESSIVE;
				CLANG_WARN_UNREACHABLE_CODE = YES;
				CLANG_WARN__DUPLICATE_METHOD_MATCH = YES;
				CODE_SIGN_IDENTITY = "iPhone Developer";
				COPY_PHASE_STRIP = NO;
				DEBUG_INFORMATION_FORMAT = "dwarf-with-dsym";
				ENABLE_NS_ASSERTIONS = NO;
				ENABLE_STRICT_OBJC_MSGSEND = YES;
				GCC_C_LANGUAGE_STANDARD = gnu11;
				GCC_NO_COMMON_BLOCKS = YES;
				GCC_WARN_64_TO_32_BIT_CONVERSION = YES;
				GCC_WARN_ABOUT_RETURN_TYPE = YES_ERROR;
				GCC_WARN_UNDECLARED_SELECTOR = YES;
				GCC_WARN_UNINITIALIZED_AUTOS = YES_AGGRESSIVE;
				GCC_WARN_UNUSED_FUNCTION = YES;
				GCC_WARN_UNUSED_VARIABLE = YES;
				IPHONEOS_DEPLOYMENT_TARGET = 12.1;
				MTL_ENABLE_DEBUG_INFO = NO;
				MTL_FAST_MATH = YES;
				SDKROOT = iphoneos;
				SWIFT_COMPILATION_MODE = wholemodule;
				SWIFT_OPTIMIZATION_LEVEL = "-O";
				VALIDATE_PRODUCT = YES;
			};
			name = Release;
		};
		A7FA8F5F224DBC5700952E4D /* Debug */ = {
			isa = XCBuildConfiguration;
			baseConfigurationReference = 4B40CF0298545506788AC780 /* Pods-CryptoWallet.debug.xcconfig */;
			buildSettings = {
				ASSETCATALOG_COMPILER_APPICON_NAME = AppIcon;
				CODE_SIGN_STYLE = Automatic;
				DEVELOPMENT_TEAM = "";
				INFOPLIST_FILE = CryptoWallet/Info.plist;
				LD_RUNPATH_SEARCH_PATHS = (
					"$(inherited)",
					"@executable_path/Frameworks",
				);
				PRODUCT_BUNDLE_IDENTIFIER = "Phan-Dinh-Van.CryptoWallet";
				PRODUCT_NAME = "$(TARGET_NAME)";
				SWIFT_VERSION = 4.2;
				TARGETED_DEVICE_FAMILY = "1,2";
			};
			name = Debug;
		};
		A7FA8F60224DBC5700952E4D /* Release */ = {
			isa = XCBuildConfiguration;
			baseConfigurationReference = 9B51126288E0705AA6D5F268 /* Pods-CryptoWallet.release.xcconfig */;
			buildSettings = {
				ASSETCATALOG_COMPILER_APPICON_NAME = AppIcon;
				CODE_SIGN_STYLE = Automatic;
				DEVELOPMENT_TEAM = "";
				INFOPLIST_FILE = CryptoWallet/Info.plist;
				LD_RUNPATH_SEARCH_PATHS = (
					"$(inherited)",
					"@executable_path/Frameworks",
				);
				PRODUCT_BUNDLE_IDENTIFIER = "Phan-Dinh-Van.CryptoWallet";
				PRODUCT_NAME = "$(TARGET_NAME)";
				SWIFT_VERSION = 4.2;
				TARGETED_DEVICE_FAMILY = "1,2";
			};
			name = Release;
		};
/* End XCBuildConfiguration section */

/* Begin XCConfigurationList section */
		A7FA8F44224DBC5700952E4D /* Build configuration list for PBXProject "CryptoWallet" */ = {
			isa = XCConfigurationList;
			buildConfigurations = (
				A7FA8F5C224DBC5700952E4D /* Debug */,
				A7FA8F5D224DBC5700952E4D /* Release */,
			);
			defaultConfigurationIsVisible = 0;
			defaultConfigurationName = Release;
		};
		A7FA8F5E224DBC5700952E4D /* Build configuration list for PBXNativeTarget "CryptoWallet" */ = {
			isa = XCConfigurationList;
			buildConfigurations = (
				A7FA8F5F224DBC5700952E4D /* Debug */,
				A7FA8F60224DBC5700952E4D /* Release */,
			);
			defaultConfigurationIsVisible = 0;
			defaultConfigurationName = Release;
		};
/* End XCConfigurationList section */
	};
	rootObject = A7FA8F41224DBC5700952E4D /* Project object */;
}
